
Microsoft Visual Studio Solution File, Format Version 12.00
# Visual Studio Version 17
VisualStudioVersion = 17.8.34525.116
MinimumVisualStudioVersion = 10.0.40219.1
Project("{FAE04EC0-301F-11D3-BF4B-00C04F79EFBC}") = "ShopGreen.Server", "ShopGreen.Server\ShopGreen.Server.csproj", "{F971954F-2F5D-4BDE-B823-6DA9AD47B084}"
EndProject
Project("{54A90642-561A-4BB1-A94E-469ADEE60C69}") = "shopgreen.client", "shopgreen.client\shopgreen.client.esproj", "{B8238A72-CD9B-4CC6-ABFD-1D159E2171B1}"
EndProject
Global
	GlobalSection(SolutionConfigurationPlatforms) = preSolution
		Debug|Any CPU = Debug|Any CPU
		Release|Any CPU = Release|Any CPU
	EndGlobalSection
	GlobalSection(ProjectConfigurationPlatforms) = postSolution
		{F971954F-2F5D-4BDE-B823-6DA9AD47B084}.Debug|Any CPU.ActiveCfg = Debug|Any CPU
		{F971954F-2F5D-4BDE-B823-6DA9AD47B084}.Debug|Any CPU.Build.0 = Debug|Any CPU
		{F971954F-2F5D-4BDE-B823-6DA9AD47B084}.Release|Any CPU.ActiveCfg = Release|Any CPU
		{F971954F-2F5D-4BDE-B823-6DA9AD47B084}.Release|Any CPU.Build.0 = Release|Any CPU
		{B8238A72-CD9B-4CC6-ABFD-1D159E2171B1}.Debug|Any CPU.ActiveCfg = Debug|Any CPU
		{B8238A72-CD9B-4CC6-ABFD-1D159E2171B1}.Debug|Any CPU.Build.0 = Debug|Any CPU
		{B8238A72-CD9B-4CC6-ABFD-1D159E2171B1}.Debug|Any CPU.Deploy.0 = Debug|Any CPU
		{B8238A72-CD9B-4CC6-ABFD-1D159E2171B1}.Release|Any CPU.ActiveCfg = Release|Any CPU
		{B8238A72-CD9B-4CC6-ABFD-1D159E2171B1}.Release|Any CPU.Build.0 = Release|Any CPU
		{B8238A72-CD9B-4CC6-ABFD-1D159E2171B1}.Release|Any CPU.Deploy.0 = Release|Any CPU
	EndGlobalSection
	GlobalSection(SolutionProperties) = preSolution
		HideSolutionNode = FALSE
	EndGlobalSection
	GlobalSection(ExtensibilityGlobals) = postSolution
		SolutionGuid = {4CCF0F1A-4EF4-45A4-8047-8B1244955DDA}
	EndGlobalSection
EndGlobal
